
Microsoft Visual Studio Solution File, Format Version 12.00
# Visual Studio Version 17
VisualStudioVersion = 17.4.33213.308
MinimumVisualStudioVersion = 10.0.40219.1
Project("{FAE04EC0-301F-11D3-BF4B-00C04F79EFBC}") = "EvenIntegers", "EvenIntegers.csproj", "{DD6DD863-313A-4C1A-B707-9B62489AD3FC}"
EndProject
Global
	GlobalSection(SolutionConfigurationPlatforms) = preSolution
		Debug|Any CPU = Debug|Any CPU
		Release|Any CPU = Release|Any CPU
	EndGlobalSection
	GlobalSection(ProjectConfigurationPlatforms) = postSolution
		{DD6DD863-313A-4C1A-B707-9B62489AD3FC}.Debug|Any CPU.ActiveCfg = Debug|Any CPU
		{DD6DD863-313A-4C1A-B707-9B62489AD3FC}.Debug|Any CPU.Build.0 = Debug|Any CPU
		{DD6DD863-313A-4C1A-B707-9B62489AD3FC}.Release|Any CPU.ActiveCfg = Release|Any CPU
		{DD6DD863-313A-4C1A-B707-9B62489AD3FC}.Release|Any CPU.Build.0 = Release|Any CPU
	EndGlobalSection
	GlobalSection(SolutionProperties) = preSolution
		HideSolutionNode = FALSE
	EndGlobalSection
	GlobalSection(ExtensibilityGlobals) = postSolution
		SolutionGuid = {8F4BA792-B418-4F25-A602-85C83881BB1A}
	EndGlobalSection
EndGlobal
